
Microsoft Visual Studio Solution File, Format Version 12.00
# Visual Studio Version 17
VisualStudioVersion = 17.8.34408.163
MinimumVisualStudioVersion = 10.0.40219.1
Project("{9A19103F-16F7-4668-BE54-9A1E7A4F7556}") = "SWP391.CHCQS.OurHomeWeb", "SWP391.CHCQS.OurHomeWeb\SWP391.CHCQS.OurHomeWeb.csproj", "{13829219-9B9C-420D-8B4D-A423718BA8CE}"
EndProject
Project("{9A19103F-16F7-4668-BE54-9A1E7A4F7556}") = "SWP391.CHCQS.Services", "SWP391.CHCQS.Services\SWP391.CHCQS.Services.csproj", "{5D6E5AD1-F3A6-4441-BF37-C9D3106C24FB}"
EndProject
Project("{9A19103F-16F7-4668-BE54-9A1E7A4F7556}") = "SWP391.CHCQS.DataAccess", "SWP391.CHCQS.DataAccess\SWP391.CHCQS.DataAccess.csproj", "{53B1D1E5-F53F-46EA-943A-DE828B4720E8}"
EndProject
Project("{FAE04EC0-301F-11D3-BF4B-00C04F79EFBC}") = "SWP391.CHCQS.Utility", "SWP391.CHCQS.Utility\SWP391.CHCQS.Utility.csproj", "{54081166-4E23-4DCE-9AE0-74AD4CE390F9}"
EndProject
Global
	GlobalSection(SolutionConfigurationPlatforms) = preSolution
		Debug|Any CPU = Debug|Any CPU
		Release|Any CPU = Release|Any CPU
	EndGlobalSection
	GlobalSection(ProjectConfigurationPlatforms) = postSolution
		{13829219-9B9C-420D-8B4D-A423718BA8CE}.Debug|Any CPU.ActiveCfg = Debug|Any CPU
		{13829219-9B9C-420D-8B4D-A423718BA8CE}.Debug|Any CPU.Build.0 = Debug|Any CPU
		{13829219-9B9C-420D-8B4D-A423718BA8CE}.Release|Any CPU.ActiveCfg = Release|Any CPU
		{13829219-9B9C-420D-8B4D-A423718BA8CE}.Release|Any CPU.Build.0 = Release|Any CPU
		{5D6E5AD1-F3A6-4441-BF37-C9D3106C24FB}.Debug|Any CPU.ActiveCfg = Debug|Any CPU
		{5D6E5AD1-F3A6-4441-BF37-C9D3106C24FB}.Debug|Any CPU.Build.0 = Debug|Any CPU
		{5D6E5AD1-F3A6-4441-BF37-C9D3106C24FB}.Release|Any CPU.ActiveCfg = Release|Any CPU
		{5D6E5AD1-F3A6-4441-BF37-C9D3106C24FB}.Release|Any CPU.Build.0 = Release|Any CPU
		{53B1D1E5-F53F-46EA-943A-DE828B4720E8}.Debug|Any CPU.ActiveCfg = Debug|Any CPU
		{53B1D1E5-F53F-46EA-943A-DE828B4720E8}.Debug|Any CPU.Build.0 = Debug|Any CPU
		{53B1D1E5-F53F-46EA-943A-DE828B4720E8}.Release|Any CPU.ActiveCfg = Release|Any CPU
		{53B1D1E5-F53F-46EA-943A-DE828B4720E8}.Release|Any CPU.Build.0 = Release|Any CPU
		{54081166-4E23-4DCE-9AE0-74AD4CE390F9}.Debug|Any CPU.ActiveCfg = Debug|Any CPU
		{54081166-4E23-4DCE-9AE0-74AD4CE390F9}.Debug|Any CPU.Build.0 = Debug|Any CPU
		{54081166-4E23-4DCE-9AE0-74AD4CE390F9}.Release|Any CPU.ActiveCfg = Release|Any CPU
		{54081166-4E23-4DCE-9AE0-74AD4CE390F9}.Release|Any CPU.Build.0 = Release|Any CPU
	EndGlobalSection
	GlobalSection(SolutionProperties) = preSolution
		HideSolutionNode = FALSE
	EndGlobalSection
	GlobalSection(ExtensibilityGlobals) = postSolution
		SolutionGuid = {16EB9A78-AC6C-4958-86DE-489426B1AC8C}
	EndGlobalSection
EndGlobal
